
Microsoft Visual Studio Solution File, Format Version 12.00
# Visual Studio Version 17
VisualStudioVersion = 17.4.33213.308
MinimumVisualStudioVersion = 10.0.40219.1
Project("{FAE04EC0-301F-11D3-BF4B-00C04F79EFBC}") = "WpfCalculatorApp", "WpfCalculatorApp\WpfCalculatorApp.csproj", "{944E1DC9-D95C-429A-996B-0FC1D08CEFF2}"
EndProject
Global
	GlobalSection(SolutionConfigurationPlatforms) = preSolution
		Debug|Any CPU = Debug|Any CPU
		Release|Any CPU = Release|Any CPU
	EndGlobalSection
	GlobalSection(ProjectConfigurationPlatforms) = postSolution
		{944E1DC9-D95C-429A-996B-0FC1D08CEFF2}.Debug|Any CPU.ActiveCfg = Debug|Any CPU
		{944E1DC9-D95C-429A-996B-0FC1D08CEFF2}.Debug|Any CPU.Build.0 = Debug|Any CPU
		{944E1DC9-D95C-429A-996B-0FC1D08CEFF2}.Release|Any CPU.ActiveCfg = Release|Any CPU
		{944E1DC9-D95C-429A-996B-0FC1D08CEFF2}.Release|Any CPU.Build.0 = Release|Any CPU
	EndGlobalSection
	GlobalSection(SolutionProperties) = preSolution
		HideSolutionNode = FALSE
	EndGlobalSection
	GlobalSection(ExtensibilityGlobals) = postSolution
		SolutionGuid = {3A0C9F9D-9508-475C-B48E-D8EF21997633}
	EndGlobalSection
EndGlobal
